{
  "name": "@writetome51/get-array-of-property",
  "version": "0.0.2",
  "lockfileVersion": 2,
  "requires": true,
  "packages": {
    "": {
      "name": "@writetome51/get-array-of-property",
      "version": "0.0.2",
      "license": "MIT",
      "dependencies": {
        "@writetome51/get-arr-filled": "^0.0.4",
        "@writetome51/get-property": "^2.0.1"
      },
      "devDependencies": {
        "@writetome51/is-match": "^0.0.1"
      }
    },
    "node_modules/@writetome51/get-arr-filled": {
      "version": "0.0.4",
      "license": "MIT"
    },
    "node_modules/@writetome51/get-property": {
      "version": "2.0.2",
      "license": "MIT"
    },
    "node_modules/@writetome51/is-array-not-array": {
      "version": "2.0.0",
      "dev": true,
      "license": "MIT"
    },
    "node_modules/@writetome51/is-match": {
      "version": "0.0.1",
      "resolved": "https://registry.npmjs.org/@writetome51/is-match/-/is-match-0.0.1.tgz",
      "integrity": "sha512-EWOl1ryC+CXEWt+EF+EGs99KgLPo/2ejwiCcYJgzmKhLx7WfQG9YEmq9ZzN32KtMeF6yfxDnwUzM7xiTk+GD2w==",
      "dev": true,
      "dependencies": {
        "@writetome51/is-array-not-array": "^2.0.0",
        "@writetome51/not": "^2.0.0"
      }
    },
    "node_modules/@writetome51/not": {
      "version": "2.0.1",
      "dev": true,
      "license": "FREE"
    }
  },
  "dependencies": {
    "@writetome51/get-arr-filled": {
      "version": "0.0.4"
    },
    "@writetome51/get-property": {
      "version": "2.0.2"
    },
    "@writetome51/is-array-not-array": {
      "version": "2.0.0",
      "dev": true
    },
    "@writetome51/is-match": {
      "version": "0.0.1",
      "resolved": "https://registry.npmjs.org/@writetome51/is-match/-/is-match-0.0.1.tgz",
      "integrity": "sha512-EWOl1ryC+CXEWt+EF+EGs99KgLPo/2ejwiCcYJgzmKhLx7WfQG9YEmq9ZzN32KtMeF6yfxDnwUzM7xiTk+GD2w==",
      "dev": true,
      "requires": {
        "@writetome51/is-array-not-array": "^2.0.0",
        "@writetome51/not": "^2.0.0"
      }
    },
    "@writetome51/not": {
      "version": "2.0.1",
      "dev": true
    }
  }
}
